
Microsoft Visual Studio Solution File, Format Version 12.00
Project("{FAE04EC0-301F-11D3-BF4B-00C04F79EFBC}") = "WindowsFormsApp1", "WindowsFormsApp1\WindowsFormsApp1.csproj", "{0D006E94-0BB4-4569-BC66-1458ED60537A}"
EndProject
Global
	GlobalSection(SolutionConfigurationPlatforms) = preSolution
		Debug|Any CPU = Debug|Any CPU
		Release|Any CPU = Release|Any CPU
	EndGlobalSection
	GlobalSection(ProjectConfigurationPlatforms) = postSolution
		{0D006E94-0BB4-4569-BC66-1458ED60537A}.Debug|Any CPU.ActiveCfg = Debug|Any CPU
		{0D006E94-0BB4-4569-BC66-1458ED60537A}.Debug|Any CPU.Build.0 = Debug|Any CPU
		{0D006E94-0BB4-4569-BC66-1458ED60537A}.Release|Any CPU.ActiveCfg = Release|Any CPU
		{0D006E94-0BB4-4569-BC66-1458ED60537A}.Release|Any CPU.Build.0 = Release|Any CPU
	EndGlobalSection
EndGlobal
